
Microsoft Visual Studio Solution File, Format Version 12.00
# Visual Studio Version 16
VisualStudioVersion = 25.0.1704.2
MinimumVisualStudioVersion = 10.0.40219.1
Project("{FAE04EC0-301F-11D3-BF4B-00C04F79EFBC}") = "WebServer", "WebServer\WebServer.csproj", "{FBEE0CD4-C4F3-4428-A249-72A117D16235}"
EndProject
Global
	GlobalSection(SolutionConfigurationPlatforms) = preSolution
		Debug|Any CPU = Debug|Any CPU
		Release|Any CPU = Release|Any CPU
	EndGlobalSection
	GlobalSection(ProjectConfigurationPlatforms) = postSolution
		{FBEE0CD4-C4F3-4428-A249-72A117D16235}.Debug|Any CPU.ActiveCfg = Debug|Any CPU
		{FBEE0CD4-C4F3-4428-A249-72A117D16235}.Debug|Any CPU.Build.0 = Debug|Any CPU
		{FBEE0CD4-C4F3-4428-A249-72A117D16235}.Release|Any CPU.ActiveCfg = Release|Any CPU
		{FBEE0CD4-C4F3-4428-A249-72A117D16235}.Release|Any CPU.Build.0 = Release|Any CPU
	EndGlobalSection
	GlobalSection(SolutionProperties) = preSolution
		HideSolutionNode = FALSE
	EndGlobalSection
	GlobalSection(ExtensibilityGlobals) = postSolution
		SolutionGuid = {035E6028-7C09-4E34-B4DA-B514D941954A}
	EndGlobalSection
EndGlobal
